// !$*UTF8*$!
{
	archiveVersion = 1;
	classes = {
	};
	objectVersion = 77;
	objects = {

/* Begin PBXBuildFile section */
		0228D3C416FE871855936A42 /* Config.swift in Sources */ = {isa = PBXBuildFile; fileRef = 143BCCD11C10823E0FE76773 /* Config.swift */; };
		13E688E912E1F6549E3FDE44 /* Assets.xcassets in Resources */ = {isa = PBXBuildFile; fileRef = 82BF2E26970C2A88BEA11D29 /* Assets.xcassets */; };
		28EFD650701818507AD3479B /* LinkClient.swift in Sources */ = {isa = PBXBuildFile; fileRef = DCC25DB79E1DE6F8F326AF89 /* LinkClient.swift */; };
		2D15653EBD475A19CD4B599F /* MWDATCore in Frameworks */ = {isa = PBXBuildFile; productRef = 3A06EC881660F69955A32CF4 /* MWDATCore */; };
		439BCBEA8EA2A7A130F82AA0 /* ConfigTests.swift in Sources */ = {isa = PBXBuildFile; fileRef = 45D346CE90D2263A955B0548 /* ConfigTests.swift */; };
		5991DB0D1B49D041A4AB1F48 /* HudRenderer.swift in Sources */ = {isa = PBXBuildFile; fileRef = AB0B19928FD4A4A9D1E5BA67 /* HudRenderer.swift */; };
		644749E5C2D9FD9134F00B15 /* HEVCFrameDecoder.swift in Sources */ = {isa = PBXBuildFile; fileRef = CB6997088320169560A4446B /* HEVCFrameDecoder.swift */; };
		6E327B0C3711E94CF987960A /* BridgeController.swift in Sources */ = {isa = PBXBuildFile; fileRef = F7FB301A1D3DD9BFA2B8F778 /* BridgeController.swift */; };
		77A9F5FB014A699F5E98461C /* MWDATDisplay in Frameworks */ = {isa = PBXBuildFile; productRef = 051F88B26B24B66896A7301A /* MWDATDisplay */; };
		7811386F5ADEAB7B3C1E1E12 /* FrameSamplerTests.swift in Sources */ = {isa = PBXBuildFile; fileRef = 3F99647213394E553B9B06A1 /* FrameSamplerTests.swift */; };
		7AE3868FED6F5D978CACF325 /* FrameSampler.swift in Sources */ = {isa = PBXBuildFile; fileRef = B905996BC4B5066EF1676CE4 /* FrameSampler.swift */; };
		7B95AC42F2B040925A25E17D /* CortexSocket.swift in Sources */ = {isa = PBXBuildFile; fileRef = 00B1743B6CEFEFAD09B8640D /* CortexSocket.swift */; };
		83FC20D913FEF067839B92EE /* DATSessionManager.swift in Sources */ = {isa = PBXBuildFile; fileRef = A4E2559DD38650D0279ED945 /* DATSessionManager.swift */; };
		892E9DC02C8888FC6C4FCBA3 /* HudRendererTests.swift in Sources */ = {isa = PBXBuildFile; fileRef = 86E2FB8D175F61D4C454B1C4 /* HudRendererTests.swift */; };
		94A55F19892E0228951A58C5 /* DisplayPlayground.swift in Sources */ = {isa = PBXBuildFile; fileRef = D5356FBA7A2E6D82EF5C62BE /* DisplayPlayground.swift */; };
		987862019755A7A14601D102 /* CortexSocketTests.swift in Sources */ = {isa = PBXBuildFile; fileRef = 9133B46962B158E4F2E3A993 /* CortexSocketTests.swift */; };
		A1A14E23DFAAABF82EF7822B /* Protocol.swift in Sources */ = {isa = PBXBuildFile; fileRef = 3DDCA354D98AA777F6C1DC6A /* Protocol.swift */; };
		A630922F9FFB9655239DDF89 /* MWDATMockDevice in Frameworks */ = {isa = PBXBuildFile; productRef = 551A33E94F933CE3487829C2 /* MWDATMockDevice */; };
		B1247B78B2908D8A301D708C /* App.swift in Sources */ = {isa = PBXBuildFile; fileRef = E21C50607EFEF51382155EA3 /* App.swift */; };
		E0D042DE9157B542BE4DBD45 /* AudioKeepalive.swift in Sources */ = {isa = PBXBuildFile; fileRef = 91E1F270FDCD149BDB64A530 /* AudioKeepalive.swift */; };
		E0D79558D27AB1B1701D850D /* TestImports.swift in Sources */ = {isa = PBXBuildFile; fileRef = 5B999F287269B7E1837BD035 /* TestImports.swift */; };
		E745F43A777292E86588A26D /* MWDATCamera in Frameworks */ = {isa = PBXBuildFile; productRef = 57B63325D7E952950D95B12B /* MWDATCamera */; };
		E9CF1EF44C122606783F2519 /* Keychain.swift in Sources */ = {isa = PBXBuildFile; fileRef = 9DE643D98754CE9814885F3C /* Keychain.swift */; };
		EC7C75E268EA6301D25682CA /* ProtocolTests.swift in Sources */ = {isa = PBXBuildFile; fileRef = 8BAA48A486D131CD46686C35 /* ProtocolTests.swift */; };
		EFBBD2EFDC0D09C7FDA5EFB0 /* SilentWavTests.swift in Sources */ = {isa = PBXBuildFile; fileRef = 1C5F67BFF1CFE221F3B5CEFB /* SilentWavTests.swift */; };
		F8087E2454E835B8121411CA /* StatusView.swift in Sources */ = {isa = PBXBuildFile; fileRef = 33EA1E64460AA041BA3FAB4A /* StatusView.swift */; };
/* End PBXBuildFile section */

/* Begin PBXContainerItemProxy section */
		236C261BCB2BD60472B6A98E /* PBXContainerItemProxy */ = {
			isa = PBXContainerItemProxy;
			containerPortal = F76BCDAB37EF5C2857E3DDC0 /* Project object */;
			proxyType = 1;
			remoteGlobalIDString = DEC1B9C312BAC507B3A6A828;
			remoteInfo = Wingman;
		};
/* End PBXContainerItemProxy section */

/* Begin PBXFileReference section */
		00B1743B6CEFEFAD09B8640D /* CortexSocket.swift */ = {isa = PBXFileReference; lastKnownFileType = sourcecode.swift; path = CortexSocket.swift; sourceTree = "<group>"; };
		143BCCD11C10823E0FE76773 /* Config.swift */ = {isa = PBXFileReference; lastKnownFileType = sourcecode.swift; path = Config.swift; sourceTree = "<group>"; };
		1C5F67BFF1CFE221F3B5CEFB /* SilentWavTests.swift */ = {isa = PBXFileReference; lastKnownFileType = sourcecode.swift; path = SilentWavTests.swift; sourceTree = "<group>"; };
		33EA1E64460AA041BA3FAB4A /* StatusView.swift */ = {isa = PBXFileReference; lastKnownFileType = sourcecode.swift; path = StatusView.swift; sourceTree = "<group>"; };
		3DDCA354D98AA777F6C1DC6A /* Protocol.swift */ = {isa = PBXFileReference; lastKnownFileType = sourcecode.swift; path = Protocol.swift; sourceTree = "<group>"; };
		3F99647213394E553B9B06A1 /* FrameSamplerTests.swift */ = {isa = PBXFileReference; lastKnownFileType = sourcecode.swift; path = FrameSamplerTests.swift; sourceTree = "<group>"; };
		45D346CE90D2263A955B0548 /* ConfigTests.swift */ = {isa = PBXFileReference; lastKnownFileType = sourcecode.swift; path = ConfigTests.swift; sourceTree = "<group>"; };
		5B999F287269B7E1837BD035 /* TestImports.swift */ = {isa = PBXFileReference; lastKnownFileType = sourcecode.swift; path = TestImports.swift; sourceTree = "<group>"; };
		82BF2E26970C2A88BEA11D29 /* Assets.xcassets */ = {isa = PBXFileReference; lastKnownFileType = folder.assetcatalog; path = Assets.xcassets; sourceTree = "<group>"; };
		86E2FB8D175F61D4C454B1C4 /* HudRendererTests.swift */ = {isa = PBXFileReference; lastKnownFileType = sourcecode.swift; path = HudRendererTests.swift; sourceTree = "<group>"; };
		8BAA48A486D131CD46686C35 /* ProtocolTests.swift */ = {isa = PBXFileReference; lastKnownFileType = sourcecode.swift; path = ProtocolTests.swift; sourceTree = "<group>"; };
		9133B46962B158E4F2E3A993 /* CortexSocketTests.swift */ = {isa = PBXFileReference; lastKnownFileType = sourcecode.swift; path = CortexSocketTests.swift; sourceTree = "<group>"; };
		91E1F270FDCD149BDB64A530 /* AudioKeepalive.swift */ = {isa = PBXFileReference; lastKnownFileType = sourcecode.swift; path = AudioKeepalive.swift; sourceTree = "<group>"; };
		970DEEBD81E055098925660A /* WingmanTests.xctest */ = {isa = PBXFileReference; includeInIndex = 0; lastKnownFileType = wrapper.cfbundle; path = WingmanTests.xctest; sourceTree = BUILT_PRODUCTS_DIR; };
		9DE643D98754CE9814885F3C /* Keychain.swift */ = {isa = PBXFileReference; lastKnownFileType = sourcecode.swift; path = Keychain.swift; sourceTree = "<group>"; };
		A4E2559DD38650D0279ED945 /* DATSessionManager.swift */ = {isa = PBXFileReference; lastKnownFileType = sourcecode.swift; path = DATSessionManager.swift; sourceTree = "<group>"; };
		AB0B19928FD4A4A9D1E5BA67 /* HudRenderer.swift */ = {isa = PBXFileReference; lastKnownFileType = sourcecode.swift; path = HudRenderer.swift; sourceTree = "<group>"; };
		B905996BC4B5066EF1676CE4 /* FrameSampler.swift */ = {isa = PBXFileReference; lastKnownFileType = sourcecode.swift; path = FrameSampler.swift; sourceTree = "<group>"; };
		CB6997088320169560A4446B /* HEVCFrameDecoder.swift */ = {isa = PBXFileReference; lastKnownFileType = sourcecode.swift; path = HEVCFrameDecoder.swift; sourceTree = "<group>"; };
		D5356FBA7A2E6D82EF5C62BE /* DisplayPlayground.swift */ = {isa = PBXFileReference; lastKnownFileType = sourcecode.swift; path = DisplayPlayground.swift; sourceTree = "<group>"; };
		DCC25DB79E1DE6F8F326AF89 /* LinkClient.swift */ = {isa = PBXFileReference; lastKnownFileType = sourcecode.swift; path = LinkClient.swift; sourceTree = "<group>"; };
		E21C50607EFEF51382155EA3 /* App.swift */ = {isa = PBXFileReference; lastKnownFileType = sourcecode.swift; path = App.swift; sourceTree = "<group>"; };
		F2FE628C0697A064C96F62AF /* Wingman.app */ = {isa = PBXFileReference; includeInIndex = 0; lastKnownFileType = wrapper.application; path = Wingman.app; sourceTree = BUILT_PRODUCTS_DIR; };
		F7FB301A1D3DD9BFA2B8F778 /* BridgeController.swift */ = {isa = PBXFileReference; lastKnownFileType = sourcecode.swift; path = BridgeController.swift; sourceTree = "<group>"; };
		"TEMP_67E7466D-E6F6-45C5-BB69-0E9DB1A14F90" /* Config.xcconfig */ = {isa = PBXFileReference; lastKnownFileType = text.xcconfig; path = Config.xcconfig; sourceTree = "<group>"; };
/* End PBXFileReference section */

/* Begin PBXFrameworksBuildPhase section */
		111E4BE77C58FDF9398EDB3A /* Frameworks */ = {
			isa = PBXFrameworksBuildPhase;
			buildActionMask = 2147483647;
			files = (
				2D15653EBD475A19CD4B599F /* MWDATCore in Frameworks */,
				E745F43A777292E86588A26D /* MWDATCamera in Frameworks */,
				77A9F5FB014A699F5E98461C /* MWDATDisplay in Frameworks */,
				A630922F9FFB9655239DDF89 /* MWDATMockDevice in Frameworks */,
			);
			runOnlyForDeploymentPostprocessing = 0;
		};
/* End PBXFrameworksBuildPhase section */

/* Begin PBXGroup section */
		17B0354BE104D955D940C546 /* WingmanTests */ = {
			isa = PBXGroup;
			children = (
				45D346CE90D2263A955B0548 /* ConfigTests.swift */,
				9133B46962B158E4F2E3A993 /* CortexSocketTests.swift */,
				3F99647213394E553B9B06A1 /* FrameSamplerTests.swift */,
				86E2FB8D175F61D4C454B1C4 /* HudRendererTests.swift */,
				8BAA48A486D131CD46686C35 /* ProtocolTests.swift */,
				1C5F67BFF1CFE221F3B5CEFB /* SilentWavTests.swift */,
				5B999F287269B7E1837BD035 /* TestImports.swift */,
			);
			path = WingmanTests;
			sourceTree = "<group>";
		};
		26CD52E9FF76D85178D91D1F = {
			isa = PBXGroup;
			children = (
				8D6CC9C70A1BA13486C65DDA /* Wingman */,
				17B0354BE104D955D940C546 /* WingmanTests */,
				F2560EE63B80D7105A7EDB97 /* Products */,
			);
			sourceTree = "<group>";
		};
		8D6CC9C70A1BA13486C65DDA /* Wingman */ = {
			isa = PBXGroup;
			children = (
				E21C50607EFEF51382155EA3 /* App.swift */,
				82BF2E26970C2A88BEA11D29 /* Assets.xcassets */,
				91E1F270FDCD149BDB64A530 /* AudioKeepalive.swift */,
				F7FB301A1D3DD9BFA2B8F778 /* BridgeController.swift */,
				143BCCD11C10823E0FE76773 /* Config.swift */,
				00B1743B6CEFEFAD09B8640D /* CortexSocket.swift */,
				A4E2559DD38650D0279ED945 /* DATSessionManager.swift */,
				D5356FBA7A2E6D82EF5C62BE /* DisplayPlayground.swift */,
				B905996BC4B5066EF1676CE4 /* FrameSampler.swift */,
				CB6997088320169560A4446B /* HEVCFrameDecoder.swift */,
				AB0B19928FD4A4A9D1E5BA67 /* HudRenderer.swift */,
				9DE643D98754CE9814885F3C /* Keychain.swift */,
				DCC25DB79E1DE6F8F326AF89 /* LinkClient.swift */,
				3DDCA354D98AA777F6C1DC6A /* Protocol.swift */,
				33EA1E64460AA041BA3FAB4A /* StatusView.swift */,
			);
			path = Wingman;
			sourceTree = "<group>";
		};
		F2560EE63B80D7105A7EDB97 /* Products */ = {
			isa = PBXGroup;
			children = (
				F2FE628C0697A064C96F62AF /* Wingman.app */,
				970DEEBD81E055098925660A /* WingmanTests.xctest */,
			);
			name = Products;
			sourceTree = "<group>";
		};
		"TEMP_CF616095-65ED-4DC6-81B0-E004B1887406" /* glassbridge */ = {
			isa = PBXGroup;
			children = (
				"TEMP_67E7466D-E6F6-45C5-BB69-0E9DB1A14F90" /* Config.xcconfig */,
			);
			path = glassbridge;
			sourceTree = "<group>";
		};
/* End PBXGroup section */

/* Begin PBXNativeTarget section */
		86E4A8FC7FF550AA202A1D66 /* WingmanTests */ = {
			isa = PBXNativeTarget;
			buildConfigurationList = 90261EC5BBB290B6EFBD31AD /* Build configuration list for PBXNativeTarget "WingmanTests" */;
			buildPhases = (
				5F654A659581226095E760CA /* Sources */,
			);
			buildRules = (
			);
			dependencies = (
				288AD67E67C64FE647C3427B /* PBXTargetDependency */,
			);
			name = WingmanTests;
			packageProductDependencies = (
			);
			productName = WingmanTests;
			productReference = 970DEEBD81E055098925660A /* WingmanTests.xctest */;
			productType = "com.apple.product-type.bundle.unit-test";
		};
		DEC1B9C312BAC507B3A6A828 /* Wingman */ = {
			isa = PBXNativeTarget;
			buildConfigurationList = 4F950301695761883A7B94E7 /* Build configuration list for PBXNativeTarget "Wingman" */;
			buildPhases = (
				0C4791B69D5A0D50A8C69AFD /* Sources */,
				AE21E60F8476DCF6BD5701AD /* Resources */,
				111E4BE77C58FDF9398EDB3A /* Frameworks */,
			);
			buildRules = (
			);
			dependencies = (
			);
			name = Wingman;
			packageProductDependencies = (
				3A06EC881660F69955A32CF4 /* MWDATCore */,
				57B63325D7E952950D95B12B /* MWDATCamera */,
				051F88B26B24B66896A7301A /* MWDATDisplay */,
				551A33E94F933CE3487829C2 /* MWDATMockDevice */,
			);
			productName = Wingman;
			productReference = F2FE628C0697A064C96F62AF /* Wingman.app */;
			productType = "com.apple.product-type.application";
		};
/* End PBXNativeTarget section */

/* Begin PBXProject section */
		F76BCDAB37EF5C2857E3DDC0 /* Project object */ = {
			isa = PBXProject;
			attributes = {
				BuildIndependentTargetsInParallel = YES;
				LastUpgradeCheck = 1500;
				TargetAttributes = {
					86E4A8FC7FF550AA202A1D66 = {
						DevelopmentTeam = "";
						ProvisioningStyle = Automatic;
					};
					DEC1B9C312BAC507B3A6A828 = {
						DevelopmentTeam = "";
						ProvisioningStyle = Automatic;
					};
				};
			};
			buildConfigurationList = 2D228240F6C77BAE377EFC18 /* Build configuration list for PBXProject "Wingman" */;
			developmentRegion = en;
			hasScannedForEncodings = 0;
			knownRegions = (
				Base,
				en,
			);
			mainGroup = 26CD52E9FF76D85178D91D1F;
			minimizedProjectReferenceProxies = 1;
			packageReferences = (
				A31A9F776018E558D7212A14 /* XCRemoteSwiftPackageReference "meta-wearables-dat-ios" */,
			);
			preferredProjectObjectVersion = 77;
			productRefGroup = F2560EE63B80D7105A7EDB97 /* Products */;
			projectDirPath = "";
			projectRoot = "";
			targets = (
				DEC1B9C312BAC507B3A6A828 /* Wingman */,
				86E4A8FC7FF550AA202A1D66 /* WingmanTests */,
			);
		};
/* End PBXProject section */

/* Begin PBXResourcesBuildPhase section */
		AE21E60F8476DCF6BD5701AD /* Resources */ = {
			isa = PBXResourcesBuildPhase;
			buildActionMask = 2147483647;
			files = (
				13E688E912E1F6549E3FDE44 /* Assets.xcassets in Resources */,
			);
			runOnlyForDeploymentPostprocessing = 0;
		};
/* End PBXResourcesBuildPhase section */

/* Begin PBXSourcesBuildPhase section */
		0C4791B69D5A0D50A8C69AFD /* Sources */ = {
			isa = PBXSourcesBuildPhase;
			buildActionMask = 2147483647;
			files = (
				B1247B78B2908D8A301D708C /* App.swift in Sources */,
				E0D042DE9157B542BE4DBD45 /* AudioKeepalive.swift in Sources */,
				6E327B0C3711E94CF987960A /* BridgeController.swift in Sources */,
				0228D3C416FE871855936A42 /* Config.swift in Sources */,
				7B95AC42F2B040925A25E17D /* CortexSocket.swift in Sources */,
				83FC20D913FEF067839B92EE /* DATSessionManager.swift in Sources */,
				94A55F19892E0228951A58C5 /* DisplayPlayground.swift in Sources */,
				7AE3868FED6F5D978CACF325 /* FrameSampler.swift in Sources */,
				644749E5C2D9FD9134F00B15 /* HEVCFrameDecoder.swift in Sources */,
				5991DB0D1B49D041A4AB1F48 /* HudRenderer.swift in Sources */,
				E9CF1EF44C122606783F2519 /* Keychain.swift in Sources */,
				28EFD650701818507AD3479B /* LinkClient.swift in Sources */,
				A1A14E23DFAAABF82EF7822B /* Protocol.swift in Sources */,
				F8087E2454E835B8121411CA /* StatusView.swift in Sources */,
			);
			runOnlyForDeploymentPostprocessing = 0;
		};
		5F654A659581226095E760CA /* Sources */ = {
			isa = PBXSourcesBuildPhase;
			buildActionMask = 2147483647;
			files = (
				439BCBEA8EA2A7A130F82AA0 /* ConfigTests.swift in Sources */,
				987862019755A7A14601D102 /* CortexSocketTests.swift in Sources */,
				7811386F5ADEAB7B3C1E1E12 /* FrameSamplerTests.swift in Sources */,
				892E9DC02C8888FC6C4FCBA3 /* HudRendererTests.swift in Sources */,
				EC7C75E268EA6301D25682CA /* ProtocolTests.swift in Sources */,
				EFBBD2EFDC0D09C7FDA5EFB0 /* SilentWavTests.swift in Sources */,
				E0D79558D27AB1B1701D850D /* TestImports.swift in Sources */,
			);
			runOnlyForDeploymentPostprocessing = 0;
		};
/* End PBXSourcesBuildPhase section */

/* Begin PBXTargetDependency section */
		288AD67E67C64FE647C3427B /* PBXTargetDependency */ = {
			isa = PBXTargetDependency;
			target = DEC1B9C312BAC507B3A6A828 /* Wingman */;
			targetProxy = 236C261BCB2BD60472B6A98E /* PBXContainerItemProxy */;
		};
/* End PBXTargetDependency section */

/* Begin XCBuildConfiguration section */
		42B2E4084C0C8B79023819E4 /* Release */ = {
			isa = XCBuildConfiguration;
			buildSettings = {
				ASSETCATALOG_COMPILER_APPICON_NAME = AppIcon;
				CODE_SIGN_ENTITLEMENTS = Wingman/Wingman.entitlements;
				CODE_SIGN_IDENTITY = "iPhone Developer";
				GENERATE_INFOPLIST_FILE = NO;
				INFOPLIST_FILE = Wingman/Info.plist;
				LD_RUNPATH_SEARCH_PATHS = (
					"$(inherited)",
					"@executable_path/Frameworks",
				);
				PRODUCT_BUNDLE_IDENTIFIER = "$(WINGMAN_BUNDLE_ID)";
				PRODUCT_NAME = Wingman;
				SDKROOT = iphoneos;
				SWIFT_STRICT_CONCURRENCY = minimal;
				TARGETED_DEVICE_FAMILY = 1;
			};
			name = Release;
		};
		6A9EB2841C5325A049C3211B /* Debug */ = {
			isa = XCBuildConfiguration;
			buildSettings = {
				ASSETCATALOG_COMPILER_APPICON_NAME = AppIcon;
				CODE_SIGN_ENTITLEMENTS = Wingman/Wingman.entitlements;
				CODE_SIGN_IDENTITY = "iPhone Developer";
				GENERATE_INFOPLIST_FILE = NO;
				INFOPLIST_FILE = Wingman/Info.plist;
				LD_RUNPATH_SEARCH_PATHS = (
					"$(inherited)",
					"@executable_path/Frameworks",
				);
				PRODUCT_BUNDLE_IDENTIFIER = "$(WINGMAN_BUNDLE_ID)";
				PRODUCT_NAME = Wingman;
				SDKROOT = iphoneos;
				SWIFT_STRICT_CONCURRENCY = minimal;
				TARGETED_DEVICE_FAMILY = 1;
			};
			name = Debug;
		};
		9A71BF7D18AAFA5C914D391C /* Release */ = {
			isa = XCBuildConfiguration;
			buildSettings = {
				BUNDLE_LOADER = "$(TEST_HOST)";
				GENERATE_INFOPLIST_FILE = YES;
				LD_RUNPATH_SEARCH_PATHS = (
					"$(inherited)",
					"@executable_path/Frameworks",
					"@loader_path/Frameworks",
				);
				PRODUCT_BUNDLE_IDENTIFIER = com.hackrice.wingman.tests;
				SDKROOT = iphoneos;
				TARGETED_DEVICE_FAMILY = "1,2";
				TEST_HOST = "$(BUILT_PRODUCTS_DIR)/Wingman.app/Wingman";
			};
			name = Release;
		};
		9D6513D9C82CCE7BD3D4DAB1 /* Debug */ = {
			isa = XCBuildConfiguration;
			baseConfigurationReference = "TEMP_67E7466D-E6F6-45C5-BB69-0E9DB1A14F90" /* Config.xcconfig */;
			buildSettings = {
				ALWAYS_SEARCH_USER_PATHS = NO;
				CLANG_ANALYZER_NONNULL = YES;
				CLANG_ANALYZER_NUMBER_OBJECT_CONVERSION = YES_AGGRESSIVE;
				CLANG_CXX_LANGUAGE_STANDARD = "gnu++14";
				CLANG_CXX_LIBRARY = "libc++";
				CLANG_ENABLE_MODULES = YES;
				CLANG_ENABLE_OBJC_ARC = YES;
				CLANG_ENABLE_OBJC_WEAK = YES;
				CLANG_WARN_BLOCK_CAPTURE_AUTORELEASING = YES;
				CLANG_WARN_BOOL_CONVERSION = YES;
				CLANG_WARN_COMMA = YES;
				CLANG_WARN_CONSTANT_CONVERSION = YES;
				CLANG_WARN_DEPRECATED_OBJC_IMPLEMENTATIONS = YES;
				CLANG_WARN_DIRECT_OBJC_ISA_USAGE = YES_ERROR;
				CLANG_WARN_DOCUMENTATION_COMMENTS = YES;
				CLANG_WARN_EMPTY_BODY = YES;
				CLANG_WARN_ENUM_CONVERSION = YES;
				CLANG_WARN_INFINITE_RECURSION = YES;
				CLANG_WARN_INT_CONVERSION = YES;
				CLANG_WARN_NON_LITERAL_NULL_CONVERSION = YES;
				CLANG_WARN_OBJC_IMPLICIT_RETAIN_SELF = YES;
				CLANG_WARN_OBJC_LITERAL_CONVERSION = YES;
				CLANG_WARN_OBJC_ROOT_CLASS = YES_ERROR;
				CLANG_WARN_QUOTED_INCLUDE_IN_FRAMEWORK_HEADER = YES;
				CLANG_WARN_RANGE_LOOP_ANALYSIS = YES;
				CLANG_WARN_STRICT_PROTOTYPES = YES;
				CLANG_WARN_SUSPICIOUS_MOVE = YES;
				CLANG_WARN_UNGUARDED_AVAILABILITY = YES_AGGRESSIVE;
				CLANG_WARN_UNREACHABLE_CODE = YES;
				CLANG_WARN__DUPLICATE_METHOD_MATCH = YES;
				CODE_SIGN_STYLE = Automatic;
				COPY_PHASE_STRIP = NO;
				DEBUG_INFORMATION_FORMAT = dwarf;
				ENABLE_STRICT_OBJC_MSGSEND = YES;
				ENABLE_TESTABILITY = YES;
				GCC_C_LANGUAGE_STANDARD = gnu11;
				GCC_DYNAMIC_NO_PIC = NO;
				GCC_NO_COMMON_BLOCKS = YES;
				GCC_OPTIMIZATION_LEVEL = 0;
				GCC_PREPROCESSOR_DEFINITIONS = (
					"$(inherited)",
					"DEBUG=1",
				);
				GCC_WARN_64_TO_32_BIT_CONVERSION = YES;
				GCC_WARN_ABOUT_RETURN_TYPE = YES_ERROR;
				GCC_WARN_UNDECLARED_SELECTOR = YES;
				GCC_WARN_UNINITIALIZED_AUTOS = YES_AGGRESSIVE;
				GCC_WARN_UNUSED_FUNCTION = YES;
				GCC_WARN_UNUSED_VARIABLE = YES;
				IPHONEOS_DEPLOYMENT_TARGET = 17.2;
				MTL_ENABLE_DEBUG_INFO = INCLUDE_SOURCE;
				MTL_FAST_MATH = YES;
				ONLY_ACTIVE_ARCH = YES;
				PRODUCT_NAME = "$(TARGET_NAME)";
				SDKROOT = iphoneos;
				SWIFT_ACTIVE_COMPILATION_CONDITIONS = DEBUG;
				SWIFT_OPTIMIZATION_LEVEL = "-Onone";
				SWIFT_VERSION = 5.0;
			};
			name = Debug;
		};
		DABFDCF87C106D2CAF6C5A18 /* Release */ = {
			isa = XCBuildConfiguration;
			baseConfigurationReference = "TEMP_67E7466D-E6F6-45C5-BB69-0E9DB1A14F90" /* Config.xcconfig */;
			buildSettings = {
				ALWAYS_SEARCH_USER_PATHS = NO;
				CLANG_ANALYZER_NONNULL = YES;
				CLANG_ANALYZER_NUMBER_OBJECT_CONVERSION = YES_AGGRESSIVE;
				CLANG_CXX_LANGUAGE_STANDARD = "gnu++14";
				CLANG_CXX_LIBRARY = "libc++";
				CLANG_ENABLE_MODULES = YES;
				CLANG_ENABLE_OBJC_ARC = YES;
				CLANG_ENABLE_OBJC_WEAK = YES;
				CLANG_WARN_BLOCK_CAPTURE_AUTORELEASING = YES;
				CLANG_WARN_BOOL_CONVERSION = YES;
				CLANG_WARN_COMMA = YES;
				CLANG_WARN_CONSTANT_CONVERSION = YES;
				CLANG_WARN_DEPRECATED_OBJC_IMPLEMENTATIONS = YES;
				CLANG_WARN_DIRECT_OBJC_ISA_USAGE = YES_ERROR;
				CLANG_WARN_DOCUMENTATION_COMMENTS = YES;
				CLANG_WARN_EMPTY_BODY = YES;
				CLANG_WARN_ENUM_CONVERSION = YES;
				CLANG_WARN_INFINITE_RECURSION = YES;
				CLANG_WARN_INT_CONVERSION = YES;
				CLANG_WARN_NON_LITERAL_NULL_CONVERSION = YES;
				CLANG_WARN_OBJC_IMPLICIT_RETAIN_SELF = YES;
				CLANG_WARN_OBJC_LITERAL_CONVERSION = YES;
				CLANG_WARN_OBJC_ROOT_CLASS = YES_ERROR;
				CLANG_WARN_QUOTED_INCLUDE_IN_FRAMEWORK_HEADER = YES;
				CLANG_WARN_RANGE_LOOP_ANALYSIS = YES;
				CLANG_WARN_STRICT_PROTOTYPES = YES;
				CLANG_WARN_SUSPICIOUS_MOVE = YES;
				CLANG_WARN_UNGUARDED_AVAILABILITY = YES_AGGRESSIVE;
				CLANG_WARN_UNREACHABLE_CODE = YES;
				CLANG_WARN__DUPLICATE_METHOD_MATCH = YES;
				CODE_SIGN_STYLE = Automatic;
				COPY_PHASE_STRIP = NO;
				DEBUG_INFORMATION_FORMAT = "dwarf-with-dsym";
				ENABLE_NS_ASSERTIONS = NO;
				ENABLE_STRICT_OBJC_MSGSEND = YES;
				GCC_C_LANGUAGE_STANDARD = gnu11;
				GCC_NO_COMMON_BLOCKS = YES;
				GCC_WARN_64_TO_32_BIT_CONVERSION = YES;
				GCC_WARN_ABOUT_RETURN_TYPE = YES_ERROR;
				GCC_WARN_UNDECLARED_SELECTOR = YES;
				GCC_WARN_UNINITIALIZED_AUTOS = YES_AGGRESSIVE;
				GCC_WARN_UNUSED_FUNCTION = YES;
				GCC_WARN_UNUSED_VARIABLE = YES;
				IPHONEOS_DEPLOYMENT_TARGET = 17.2;
				MTL_ENABLE_DEBUG_INFO = NO;
				MTL_FAST_MATH = YES;
				PRODUCT_NAME = "$(TARGET_NAME)";
				SDKROOT = iphoneos;
				SWIFT_COMPILATION_MODE = wholemodule;
				SWIFT_OPTIMIZATION_LEVEL = "-O";
				SWIFT_VERSION = 5.0;
			};
			name = Release;
		};
		E9ED1412E6D9971E5556F204 /* Debug */ = {
			isa = XCBuildConfiguration;
			buildSettings = {
				BUNDLE_LOADER = "$(TEST_HOST)";
				GENERATE_INFOPLIST_FILE = YES;
				LD_RUNPATH_SEARCH_PATHS = (
					"$(inherited)",
					"@executable_path/Frameworks",
					"@loader_path/Frameworks",
				);
				PRODUCT_BUNDLE_IDENTIFIER = com.hackrice.wingman.tests;
				SDKROOT = iphoneos;
				TARGETED_DEVICE_FAMILY = "1,2";
				TEST_HOST = "$(BUILT_PRODUCTS_DIR)/Wingman.app/Wingman";
			};
			name = Debug;
		};
/* End XCBuildConfiguration section */

/* Begin XCConfigurationList section */
		2D228240F6C77BAE377EFC18 /* Build configuration list for PBXProject "Wingman" */ = {
			isa = XCConfigurationList;
			buildConfigurations = (
				9D6513D9C82CCE7BD3D4DAB1 /* Debug */,
				DABFDCF87C106D2CAF6C5A18 /* Release */,
			);
			defaultConfigurationIsVisible = 0;
			defaultConfigurationName = Debug;
		};
		4F950301695761883A7B94E7 /* Build configuration list for PBXNativeTarget "Wingman" */ = {
			isa = XCConfigurationList;
			buildConfigurations = (
				6A9EB2841C5325A049C3211B /* Debug */,
				42B2E4084C0C8B79023819E4 /* Release */,
			);
			defaultConfigurationIsVisible = 0;
			defaultConfigurationName = Debug;
		};
		90261EC5BBB290B6EFBD31AD /* Build configuration list for PBXNativeTarget "WingmanTests" */ = {
			isa = XCConfigurationList;
			buildConfigurations = (
				E9ED1412E6D9971E5556F204 /* Debug */,
				9A71BF7D18AAFA5C914D391C /* Release */,
			);
			defaultConfigurationIsVisible = 0;
			defaultConfigurationName = Debug;
		};
/* End XCConfigurationList section */

/* Begin XCRemoteSwiftPackageReference section */
		A31A9F776018E558D7212A14 /* XCRemoteSwiftPackageReference "meta-wearables-dat-ios" */ = {
			isa = XCRemoteSwiftPackageReference;
			repositoryURL = "https://github.com/facebook/meta-wearables-dat-ios";
			requirement = {
				kind = exactVersion;
				version = 0.9.0;
			};
		};
/* End XCRemoteSwiftPackageReference section */

/* Begin XCSwiftPackageProductDependency section */
		051F88B26B24B66896A7301A /* MWDATDisplay */ = {
			isa = XCSwiftPackageProductDependency;
			package = A31A9F776018E558D7212A14 /* XCRemoteSwiftPackageReference "meta-wearables-dat-ios" */;
			productName = MWDATDisplay;
		};
		3A06EC881660F69955A32CF4 /* MWDATCore */ = {
			isa = XCSwiftPackageProductDependency;
			package = A31A9F776018E558D7212A14 /* XCRemoteSwiftPackageReference "meta-wearables-dat-ios" */;
			productName = MWDATCore;
		};
		551A33E94F933CE3487829C2 /* MWDATMockDevice */ = {
			isa = XCSwiftPackageProductDependency;
			package = A31A9F776018E558D7212A14 /* XCRemoteSwiftPackageReference "meta-wearables-dat-ios" */;
			productName = MWDATMockDevice;
		};
		57B63325D7E952950D95B12B /* MWDATCamera */ = {
			isa = XCSwiftPackageProductDependency;
			package = A31A9F776018E558D7212A14 /* XCRemoteSwiftPackageReference "meta-wearables-dat-ios" */;
			productName = MWDATCamera;
		};
/* End XCSwiftPackageProductDependency section */
	};
	rootObject = F76BCDAB37EF5C2857E3DDC0 /* Project object */;
}
